// !$*UTF8*$!
{
	archiveVersion = 1;
	classes = {
	};
	objectVersion = 52;
	objects = {

/* Begin PBXBuildFile section */
		72B850E0F8A8E4A45E35FF33 /* Pods_ProCrastIOSTests.framework in Frameworks */ = {isa = PBXBuildFile; fileRef = 573989BB962E32F5C4627B6E /* Pods_ProCrastIOSTests.framework */; };
		849BFB9BE1E451718F08E668 /* Pods_ProCrastIOS.framework in Frameworks */ = {isa = PBXBuildFile; fileRef = EF04CED71EB7F867FA7ED9E5 /* Pods_ProCrastIOS.framework */; };
		BDDD9CB6892B9DB8CE849724 /* Pods_ProCrastIOS_ProCrastIOSUITests.framework in Frameworks */ = {isa = PBXBuildFile; fileRef = 067EB2C0F5744611BF35B9EB /* Pods_ProCrastIOS_ProCrastIOSUITests.framework */; };
		C9317A0126E82A1F0004A9AF /* GoogleService-Info.plist in Resources */ = {isa = PBXBuildFile; fileRef = C9317A0026E82A1F0004A9AF /* GoogleService-Info.plist */; };
		C9A0E11E2544CA42003F108D /* LoginView.swift in Sources */ = {isa = PBXBuildFile; fileRef = C9A0E11D2544CA42003F108D /* LoginView.swift */; };
		C9ECA356253BCCDF00EF6D02 /* ProCrastIOSApp.swift in Sources */ = {isa = PBXBuildFile; fileRef = C9ECA355253BCCDF00EF6D02 /* ProCrastIOSApp.swift */; };
		C9ECA358253BCCDF00EF6D02 /* ContentView.swift in Sources */ = {isa = PBXBuildFile; fileRef = C9ECA357253BCCDF00EF6D02 /* ContentView.swift */; };
		C9ECA35A253BCCF300EF6D02 /* Assets.xcassets in Resources */ = {isa = PBXBuildFile; fileRef = C9ECA359253BCCF300EF6D02 /* Assets.xcassets */; };
		C9ECA35D253BCCF300EF6D02 /* Preview Assets.xcassets in Resources */ = {isa = PBXBuildFile; fileRef = C9ECA35C253BCCF300EF6D02 /* Preview Assets.xcassets */; };
		C9ECA368253BCCF300EF6D02 /* ProCrastIOSTests.swift in Sources */ = {isa = PBXBuildFile; fileRef = C9ECA367253BCCF300EF6D02 /* ProCrastIOSTests.swift */; };
		C9ECA373253BCCF300EF6D02 /* ProCrastIOSUITests.swift in Sources */ = {isa = PBXBuildFile; fileRef = C9ECA372253BCCF300EF6D02 /* ProCrastIOSUITests.swift */; };
		C9ECA38D253BCDC300EF6D02 /* Simulation.swift in Sources */ = {isa = PBXBuildFile; fileRef = C9ECA383253BCDC200EF6D02 /* Simulation.swift */; };
		C9ECA38E253BCDC300EF6D02 /* ActivityView.swift in Sources */ = {isa = PBXBuildFile; fileRef = C9ECA384253BCDC200EF6D02 /* ActivityView.swift */; };
		C9ECA38F253BCDC300EF6D02 /* ActivityCard.swift in Sources */ = {isa = PBXBuildFile; fileRef = C9ECA385253BCDC200EF6D02 /* ActivityCard.swift */; };
		C9ECA390253BCDC300EF6D02 /* ActivityNav.swift in Sources */ = {isa = PBXBuildFile; fileRef = C9ECA386253BCDC200EF6D02 /* ActivityNav.swift */; };
		C9ECA391253BCDC300EF6D02 /* ActivityStats.swift in Sources */ = {isa = PBXBuildFile; fileRef = C9ECA387253BCDC200EF6D02 /* ActivityStats.swift */; };
		C9ECA392253BCDC300EF6D02 /* AppModel.swift in Sources */ = {isa = PBXBuildFile; fileRef = C9ECA388253BCDC200EF6D02 /* AppModel.swift */; };
		C9ECA394253BCDC300EF6D02 /* Config.swift in Sources */ = {isa = PBXBuildFile; fileRef = C9ECA38A253BCDC200EF6D02 /* Config.swift */; };
		C9ECA395253BCDC300EF6D02 /* ActivityMenu.swift in Sources */ = {isa = PBXBuildFile; fileRef = C9ECA38B253BCDC300EF6D02 /* ActivityMenu.swift */; };
		C9ECA396253BCDC300EF6D02 /* ThemedButton.swift in Sources */ = {isa = PBXBuildFile; fileRef = C9ECA38C253BCDC300EF6D02 /* ThemedButton.swift */; };
		C9ECA39C253BD0C800EF6D02 /* ComposableArchitecture in Frameworks */ = {isa = PBXBuildFile; productRef = C9ECA39B253BD0C800EF6D02 /* ComposableArchitecture */; };
		C9ECA39E253BD0C800EF6D02 /* ComposableCoreMotion in Frameworks */ = {isa = PBXBuildFile; productRef = C9ECA39D253BD0C800EF6D02 /* ComposableCoreMotion */; };
		C9ECA3A0253BD0C800EF6D02 /* ComposableCoreLocation in Frameworks */ = {isa = PBXBuildFile; productRef = C9ECA39F253BD0C800EF6D02 /* ComposableCoreLocation */; };
		C9ECA3AB253BD51300EF6D02 /* Activity.swift in Sources */ = {isa = PBXBuildFile; fileRef = C9ECA3AA253BD51300EF6D02 /* Activity.swift */; };
		C9ECA3B0253BD7CA00EF6D02 /* LineGraph.swift in Sources */ = {isa = PBXBuildFile; fileRef = C9ECA3AF253BD7CA00EF6D02 /* LineGraph.swift */; };
		C9ECA3BD253BDCCB00EF6D02 /* BarGraph.swift in Sources */ = {isa = PBXBuildFile; fileRef = C9ECA3BC253BDCCA00EF6D02 /* BarGraph.swift */; };
		C9FECDC9254CEBD100036F6E /* SwiftUICharts in Frameworks */ = {isa = PBXBuildFile; productRef = C9FECDC8254CEBD100036F6E /* SwiftUICharts */; };
		C9FECDED254D019800036F6E /* CardView.swift in Sources */ = {isa = PBXBuildFile; fileRef = C9FECDEC254D019700036F6E /* CardView.swift */; };
/* End PBXBuildFile section */

/* Begin PBXContainerItemProxy section */
		C9ECA364253BCCF300EF6D02 /* PBXContainerItemProxy */ = {
			isa = PBXContainerItemProxy;
			containerPortal = C9ECA34A253BCCDF00EF6D02 /* Project object */;
			proxyType = 1;
			remoteGlobalIDString = C9ECA351253BCCDF00EF6D02;
			remoteInfo = ProCrastIOS;
		};
		C9ECA36F253BCCF300EF6D02 /* PBXContainerItemProxy */ = {
			isa = PBXContainerItemProxy;
			containerPortal = C9ECA34A253BCCDF00EF6D02 /* Project object */;
			proxyType = 1;
			remoteGlobalIDString = C9ECA351253BCCDF00EF6D02;
			remoteInfo = ProCrastIOS;
		};
/* End PBXContainerItemProxy section */

/* Begin PBXFileReference section */
		067EB2C0F5744611BF35B9EB /* Pods_ProCrastIOS_ProCrastIOSUITests.framework */ = {isa = PBXFileReference; explicitFileType = wrapper.framework; includeInIndex = 0; path = Pods_ProCrastIOS_ProCrastIOSUITests.framework; sourceTree = BUILT_PRODUCTS_DIR; };
		27B630719ACBEB84439D10BC /* Pods-ProCrastIOSTests.debug.xcconfig */ = {isa = PBXFileReference; includeInIndex = 1; lastKnownFileType = text.xcconfig; name = "Pods-ProCrastIOSTests.debug.xcconfig"; path = "Target Support Files/Pods-ProCrastIOSTests/Pods-ProCrastIOSTests.debug.xcconfig"; sourceTree = "<group>"; };
		4465AC12525598A4C5FD06D2 /* Pods-ProCrastIOS.release.xcconfig */ = {isa = PBXFileReference; includeInIndex = 1; lastKnownFileType = text.xcconfig; name = "Pods-ProCrastIOS.release.xcconfig"; path = "Target Support Files/Pods-ProCrastIOS/Pods-ProCrastIOS.release.xcconfig"; sourceTree = "<group>"; };
		573989BB962E32F5C4627B6E /* Pods_ProCrastIOSTests.framework */ = {isa = PBXFileReference; explicitFileType = wrapper.framework; includeInIndex = 0; path = Pods_ProCrastIOSTests.framework; sourceTree = BUILT_PRODUCTS_DIR; };
		62F5D05AE800401FFD726059 /* Pods-ProCrastIOS-ProCrastIOSUITests.release.xcconfig */ = {isa = PBXFileReference; includeInIndex = 1; lastKnownFileType = text.xcconfig; name = "Pods-ProCrastIOS-ProCrastIOSUITests.release.xcconfig"; path = "Target Support Files/Pods-ProCrastIOS-ProCrastIOSUITests/Pods-ProCrastIOS-ProCrastIOSUITests.release.xcconfig"; sourceTree = "<group>"; };
		AD0A66E94495254275898722 /* Pods-ProCrastIOS.debug.xcconfig */ = {isa = PBXFileReference; includeInIndex = 1; lastKnownFileType = text.xcconfig; name = "Pods-ProCrastIOS.debug.xcconfig"; path = "Target Support Files/Pods-ProCrastIOS/Pods-ProCrastIOS.debug.xcconfig"; sourceTree = "<group>"; };
		B8B6C1790D44C524AB68631D /* Pods-ProCrastIOS-ProCrastIOSUITests.debug.xcconfig */ = {isa = PBXFileReference; includeInIndex = 1; lastKnownFileType = text.xcconfig; name = "Pods-ProCrastIOS-ProCrastIOSUITests.debug.xcconfig"; path = "Target Support Files/Pods-ProCrastIOS-ProCrastIOSUITests/Pods-ProCrastIOS-ProCrastIOSUITests.debug.xcconfig"; sourceTree = "<group>"; };
		C9317A0026E82A1F0004A9AF /* GoogleService-Info.plist */ = {isa = PBXFileReference; lastKnownFileType = text.plist; path = "GoogleService-Info.plist"; sourceTree = SOURCE_ROOT; };
		C9A0E11D2544CA42003F108D /* LoginView.swift */ = {isa = PBXFileReference; lastKnownFileType = sourcecode.swift; path = LoginView.swift; sourceTree = "<group>"; };
		C9ECA352253BCCDF00EF6D02 /* ProCrastIOS.app */ = {isa = PBXFileReference; explicitFileType = wrapper.application; includeInIndex = 0; path = ProCrastIOS.app; sourceTree = BUILT_PRODUCTS_DIR; };
		C9ECA355253BCCDF00EF6D02 /* ProCrastIOSApp.swift */ = {isa = PBXFileReference; lastKnownFileType = sourcecode.swift; path = ProCrastIOSApp.swift; sourceTree = "<group>"; };
		C9ECA357253BCCDF00EF6D02 /* ContentView.swift */ = {isa = PBXFileReference; lastKnownFileType = sourcecode.swift; path = ContentView.swift; sourceTree = "<group>"; };
		C9ECA359253BCCF300EF6D02 /* Assets.xcassets */ = {isa = PBXFileReference; lastKnownFileType = folder.assetcatalog; path = Assets.xcassets; sourceTree = "<group>"; };
		C9ECA35C253BCCF300EF6D02 /* Preview Assets.xcassets */ = {isa = PBXFileReference; lastKnownFileType = folder.assetcatalog; path = "Preview Assets.xcassets"; sourceTree = "<group>"; };
		C9ECA35E253BCCF300EF6D02 /* Info.plist */ = {isa = PBXFileReference; lastKnownFileType = text.plist.xml; path = Info.plist; sourceTree = "<group>"; };
		C9ECA363253BCCF300EF6D02 /* ProCrastIOSTests.xctest */ = {isa = PBXFileReference; explicitFileType = wrapper.cfbundle; includeInIndex = 0; path = ProCrastIOSTests.xctest; sourceTree = BUILT_PRODUCTS_DIR; };
		C9ECA367253BCCF300EF6D02 /* ProCrastIOSTests.swift */ = {isa = PBXFileReference; lastKnownFileType = sourcecode.swift; path = ProCrastIOSTests.swift; sourceTree = "<group>"; };
		C9ECA369253BCCF300EF6D02 /* Info.plist */ = {isa = PBXFileReference; lastKnownFileType = text.plist.xml; path = Info.plist; sourceTree = "<group>"; };
		C9ECA36E253BCCF300EF6D02 /* ProCrastIOSUITests.xctest */ = {isa = PBXFileReference; explicitFileType = wrapper.cfbundle; includeInIndex = 0; path = ProCrastIOSUITests.xctest; sourceTree = BUILT_PRODUCTS_DIR; };
		C9ECA372253BCCF300EF6D02 /* ProCrastIOSUITests.swift */ = {isa = PBXFileReference; lastKnownFileType = sourcecode.swift; path = ProCrastIOSUITests.swift; sourceTree = "<group>"; };
		C9ECA374253BCCF300EF6D02 /* Info.plist */ = {isa = PBXFileReference; lastKnownFileType = text.plist.xml; path = Info.plist; sourceTree = "<group>"; };
		C9ECA383253BCDC200EF6D02 /* Simulation.swift */ = {isa = PBXFileReference; fileEncoding = 4; lastKnownFileType = sourcecode.swift; path = Simulation.swift; sourceTree = "<group>"; };
		C9ECA384253BCDC200EF6D02 /* ActivityView.swift */ = {isa = PBXFileReference; fileEncoding = 4; lastKnownFileType = sourcecode.swift; path = ActivityView.swift; sourceTree = "<group>"; };
		C9ECA385253BCDC200EF6D02 /* ActivityCard.swift */ = {isa = PBXFileReference; fileEncoding = 4; lastKnownFileType = sourcecode.swift; path = ActivityCard.swift; sourceTree = "<group>"; };
		C9ECA386253BCDC200EF6D02 /* ActivityNav.swift */ = {isa = PBXFileReference; fileEncoding = 4; lastKnownFileType = sourcecode.swift; path = ActivityNav.swift; sourceTree = "<group>"; };
		C9ECA387253BCDC200EF6D02 /* ActivityStats.swift */ = {isa = PBXFileReference; fileEncoding = 4; lastKnownFileType = sourcecode.swift; path = ActivityStats.swift; sourceTree = "<group>"; };
		C9ECA388253BCDC200EF6D02 /* AppModel.swift */ = {isa = PBXFileReference; fileEncoding = 4; lastKnownFileType = sourcecode.swift; path = AppModel.swift; sourceTree = "<group>"; };
		C9ECA38A253BCDC200EF6D02 /* Config.swift */ = {isa = PBXFileReference; fileEncoding = 4; lastKnownFileType = sourcecode.swift; path = Config.swift; sourceTree = "<group>"; };
		C9ECA38B253BCDC300EF6D02 /* ActivityMenu.swift */ = {isa = PBXFileReference; fileEncoding = 4; lastKnownFileType = sourcecode.swift; path = ActivityMenu.swift; sourceTree = "<group>"; };
		C9ECA38C253BCDC300EF6D02 /* ThemedButton.swift */ = {isa = PBXFileReference; fileEncoding = 4; lastKnownFileType = sourcecode.swift; path = ThemedButton.swift; sourceTree = "<group>"; };
		C9ECA3AA253BD51300EF6D02 /* Activity.swift */ = {isa = PBXFileReference; fileEncoding = 4; lastKnownFileType = sourcecode.swift; path = Activity.swift; sourceTree = "<group>"; };
		C9ECA3AF253BD7CA00EF6D02 /* LineGraph.swift */ = {isa = PBXFileReference; fileEncoding = 4; lastKnownFileType = sourcecode.swift; path = LineGraph.swift; sourceTree = "<group>"; };
		C9ECA3BC253BDCCA00EF6D02 /* BarGraph.swift */ = {isa = PBXFileReference; fileEncoding = 4; lastKnownFileType = sourcecode.swift; path = BarGraph.swift; sourceTree = "<group>"; };
		C9FECDEC254D019700036F6E /* CardView.swift */ = {isa = PBXFileReference; fileEncoding = 4; lastKnownFileType = sourcecode.swift; path = CardView.swift; sourceTree = "<group>"; };
		D39D62ECBBE17F3A2946FFA9 /* Pods-ProCrastIOSTests.release.xcconfig */ = {isa = PBXFileReference; includeInIndex = 1; lastKnownFileType = text.xcconfig; name = "Pods-ProCrastIOSTests.release.xcconfig"; path = "Target Support Files/Pods-ProCrastIOSTests/Pods-ProCrastIOSTests.release.xcconfig"; sourceTree = "<group>"; };
		EF04CED71EB7F867FA7ED9E5 /* Pods_ProCrastIOS.framework */ = {isa = PBXFileReference; explicitFileType = wrapper.framework; includeInIndex = 0; path = Pods_ProCrastIOS.framework; sourceTree = BUILT_PRODUCTS_DIR; };
/* End PBXFileReference section */

/* Begin PBXFrameworksBuildPhase section */
		C9ECA34F253BCCDF00EF6D02 /* Frameworks */ = {
			isa = PBXFrameworksBuildPhase;
			buildActionMask = 2147483647;
			files = (
				C9ECA3A0253BD0C800EF6D02 /* ComposableCoreLocation in Frameworks */,
				C9ECA39E253BD0C800EF6D02 /* ComposableCoreMotion in Frameworks */,
				C9ECA39C253BD0C800EF6D02 /* ComposableArchitecture in Frameworks */,
				849BFB9BE1E451718F08E668 /* Pods_ProCrastIOS.framework in Frameworks */,
				C9FECDC9254CEBD100036F6E /* SwiftUICharts in Frameworks */,
			);
			runOnlyForDeploymentPostprocessing = 0;
		};
		C9ECA360253BCCF300EF6D02 /* Frameworks */ = {
			isa = PBXFrameworksBuildPhase;
			buildActionMask = 2147483647;
			files = (
				72B850E0F8A8E4A45E35FF33 /* Pods_ProCrastIOSTests.framework in Frameworks */,
			);
			runOnlyForDeploymentPostprocessing = 0;
		};
		C9ECA36B253BCCF300EF6D02 /* Frameworks */ = {
			isa = PBXFrameworksBuildPhase;
			buildActionMask = 2147483647;
			files = (
				BDDD9CB6892B9DB8CE849724 /* Pods_ProCrastIOS_ProCrastIOSUITests.framework in Frameworks */,
			);
			runOnlyForDeploymentPostprocessing = 0;
		};
/* End PBXFrameworksBuildPhase section */

/* Begin PBXGroup section */
		7D7196963573893CF30B5C4B /* Pods */ = {
			isa = PBXGroup;
			children = (
				AD0A66E94495254275898722 /* Pods-ProCrastIOS.debug.xcconfig */,
				4465AC12525598A4C5FD06D2 /* Pods-ProCrastIOS.release.xcconfig */,
				B8B6C1790D44C524AB68631D /* Pods-ProCrastIOS-ProCrastIOSUITests.debug.xcconfig */,
				62F5D05AE800401FFD726059 /* Pods-ProCrastIOS-ProCrastIOSUITests.release.xcconfig */,
				27B630719ACBEB84439D10BC /* Pods-ProCrastIOSTests.debug.xcconfig */,
				D39D62ECBBE17F3A2946FFA9 /* Pods-ProCrastIOSTests.release.xcconfig */,
			);
			path = Pods;
			sourceTree = "<group>";
		};
		AE96DA0A923CF823B5ABDB14 /* Frameworks */ = {
			isa = PBXGroup;
			children = (
				EF04CED71EB7F867FA7ED9E5 /* Pods_ProCrastIOS.framework */,
				067EB2C0F5744611BF35B9EB /* Pods_ProCrastIOS_ProCrastIOSUITests.framework */,
				573989BB962E32F5C4627B6E /* Pods_ProCrastIOSTests.framework */,
			);
			name = Frameworks;
			sourceTree = "<group>";
		};
		C9ECA349253BCCDF00EF6D02 = {
			isa = PBXGroup;
			children = (
				C9ECA354253BCCDF00EF6D02 /* ProCrastIOS */,
				C9ECA366253BCCF300EF6D02 /* ProCrastIOSTests */,
				C9ECA371253BCCF300EF6D02 /* ProCrastIOSUITests */,
				C9ECA353253BCCDF00EF6D02 /* Products */,
				7D7196963573893CF30B5C4B /* Pods */,
				AE96DA0A923CF823B5ABDB14 /* Frameworks */,
			);
			sourceTree = "<group>";
		};
		C9ECA353253BCCDF00EF6D02 /* Products */ = {
			isa = PBXGroup;
			children = (
				C9ECA352253BCCDF00EF6D02 /* ProCrastIOS.app */,
				C9ECA363253BCCF300EF6D02 /* ProCrastIOSTests.xctest */,
				C9ECA36E253BCCF300EF6D02 /* ProCrastIOSUITests.xctest */,
			);
			name = Products;
			sourceTree = "<group>";
		};
		C9ECA354253BCCDF00EF6D02 /* ProCrastIOS */ = {
			isa = PBXGroup;
			children = (
				C9ECA355253BCCDF00EF6D02 /* ProCrastIOSApp.swift */,
				C9A0E11D2544CA42003F108D /* LoginView.swift */,
				C9ECA357253BCCDF00EF6D02 /* ContentView.swift */,
				C9ECA359253BCCF300EF6D02 /* Assets.xcassets */,
				C9ECA3C2253BE14200EF6D02 /* Charts */,
				C9ECA3C1253BE12000EF6D02 /* Activity */,
				C9ECA383253BCDC200EF6D02 /* Simulation.swift */,
				C9ECA38A253BCDC200EF6D02 /* Config.swift */,
				C9317A0026E82A1F0004A9AF /* GoogleService-Info.plist */,
				C9ECA35E253BCCF300EF6D02 /* Info.plist */,
				C9ECA35B253BCCF300EF6D02 /* Preview Content */,
			);
			path = ProCrastIOS;
			sourceTree = "<group>";
		};
		C9ECA35B253BCCF300EF6D02 /* Preview Content */ = {
			isa = PBXGroup;
			children = (
				C9ECA35C253BCCF300EF6D02 /* Preview Assets.xcassets */,
			);
			path = "Preview Content";
			sourceTree = "<group>";
		};
		C9ECA366253BCCF300EF6D02 /* ProCrastIOSTests */ = {
			isa = PBXGroup;
			children = (
				C9ECA367253BCCF300EF6D02 /* ProCrastIOSTests.swift */,
				C9ECA369253BCCF300EF6D02 /* Info.plist */,
			);
			path = ProCrastIOSTests;
			sourceTree = "<group>";
		};
		C9ECA371253BCCF300EF6D02 /* ProCrastIOSUITests */ = {
			isa = PBXGroup;
			children = (
				C9ECA372253BCCF300EF6D02 /* ProCrastIOSUITests.swift */,
				C9ECA374253BCCF300EF6D02 /* Info.plist */,
			);
			path = ProCrastIOSUITests;
			sourceTree = "<group>";
		};
		C9ECA3C1253BE12000EF6D02 /* Activity */ = {
			isa = PBXGroup;
			children = (
				C9ECA3AA253BD51300EF6D02 /* Activity.swift */,
				C9ECA385253BCDC200EF6D02 /* ActivityCard.swift */,
				C9ECA38B253BCDC300EF6D02 /* ActivityMenu.swift */,
				C9ECA386253BCDC200EF6D02 /* ActivityNav.swift */,
				C9ECA387253BCDC200EF6D02 /* ActivityStats.swift */,
				C9ECA384253BCDC200EF6D02 /* ActivityView.swift */,
			);
			path = Activity;
			sourceTree = "<group>";
		};
		C9ECA3C2253BE14200EF6D02 /* Charts */ = {
			isa = PBXGroup;
			children = (
				C9ECA3AF253BD7CA00EF6D02 /* LineGraph.swift */,
				C9ECA3BC253BDCCA00EF6D02 /* BarGraph.swift */,
				C9ECA38C253BCDC300EF6D02 /* ThemedButton.swift */,
				C9ECA388253BCDC200EF6D02 /* AppModel.swift */,
				C9FECDEC254D019700036F6E /* CardView.swift */,
			);
			path = Charts;
			sourceTree = "<group>";
		};
/* End PBXGroup section */

/* Begin PBXNativeTarget section */
		C9ECA351253BCCDF00EF6D02 /* ProCrastIOS */ = {
			isa = PBXNativeTarget;
			buildConfigurationList = C9ECA377253BCCF300EF6D02 /* Build configuration list for PBXNativeTarget "ProCrastIOS" */;
			buildPhases = (
				57BEB3C4F7B85B08D775E823 /* [CP] Check Pods Manifest.lock */,
				C9ECA34E253BCCDF00EF6D02 /* Sources */,
				C9ECA34F253BCCDF00EF6D02 /* Frameworks */,
				C9ECA350253BCCDF00EF6D02 /* Resources */,
				552A2F95EAF29DBE1736C24C /* [CP] Embed Pods Frameworks */,
				3CD4D4DA51B2BF23EF2D3637 /* [CP] Copy Pods Resources */,
			);
			buildRules = (
			);
			dependencies = (
			);
			name = ProCrastIOS;
			packageProductDependencies = (
				C9ECA39B253BD0C800EF6D02 /* ComposableArchitecture */,
				C9ECA39D253BD0C800EF6D02 /* ComposableCoreMotion */,
				C9ECA39F253BD0C800EF6D02 /* ComposableCoreLocation */,
				C9FECDC8254CEBD100036F6E /* SwiftUICharts */,
			);
			productName = ProCrastIOS;
			productReference = C9ECA352253BCCDF00EF6D02 /* ProCrastIOS.app */;
			productType = "com.apple.product-type.application";
		};
		C9ECA362253BCCF300EF6D02 /* ProCrastIOSTests */ = {
			isa = PBXNativeTarget;
			buildConfigurationList = C9ECA37A253BCCF300EF6D02 /* Build configuration list for PBXNativeTarget "ProCrastIOSTests" */;
			buildPhases = (
				2D90AC0CA70E47EA89346B09 /* [CP] Check Pods Manifest.lock */,
				C9ECA35F253BCCF300EF6D02 /* Sources */,
				C9ECA360253BCCF300EF6D02 /* Frameworks */,
				C9ECA361253BCCF300EF6D02 /* Resources */,
			);
			buildRules = (
			);
			dependencies = (
				C9ECA365253BCCF300EF6D02 /* PBXTargetDependency */,
			);
			name = ProCrastIOSTests;
			productName = ProCrastIOSTests;
			productReference = C9ECA363253BCCF300EF6D02 /* ProCrastIOSTests.xctest */;
			productType = "com.apple.product-type.bundle.unit-test";
		};
		C9ECA36D253BCCF300EF6D02 /* ProCrastIOSUITests */ = {
			isa = PBXNativeTarget;
			buildConfigurationList = C9ECA37D253BCCF300EF6D02 /* Build configuration list for PBXNativeTarget "ProCrastIOSUITests" */;
			buildPhases = (
				7D8ECE56A335702485897D29 /* [CP] Check Pods Manifest.lock */,
				C9ECA36A253BCCF300EF6D02 /* Sources */,
				C9ECA36B253BCCF300EF6D02 /* Frameworks */,
				C9ECA36C253BCCF300EF6D02 /* Resources */,
				DC4BEC9F92FD9E25FC86E79A /* [CP] Embed Pods Frameworks */,
				3787B0E35C646ED3724F4A1F /* [CP] Copy Pods Resources */,
			);
			buildRules = (
			);
			dependencies = (
				C9ECA370253BCCF300EF6D02 /* PBXTargetDependency */,
			);
			name = ProCrastIOSUITests;
			productName = ProCrastIOSUITests;
			productReference = C9ECA36E253BCCF300EF6D02 /* ProCrastIOSUITests.xctest */;
			productType = "com.apple.product-type.bundle.ui-testing";
		};
/* End PBXNativeTarget section */

/* Begin PBXProject section */
		C9ECA34A253BCCDF00EF6D02 /* Project object */ = {
			isa = PBXProject;
			attributes = {
				LastSwiftUpdateCheck = 1200;
				LastUpgradeCheck = 1200;
				TargetAttributes = {
					C9ECA351253BCCDF00EF6D02 = {
						CreatedOnToolsVersion = 12.0.1;
					};
					C9ECA362253BCCF300EF6D02 = {
						CreatedOnToolsVersion = 12.0.1;
						TestTargetID = C9ECA351253BCCDF00EF6D02;
					};
					C9ECA36D253BCCF300EF6D02 = {
						CreatedOnToolsVersion = 12.0.1;
						TestTargetID = C9ECA351253BCCDF00EF6D02;
					};
				};
			};
			buildConfigurationList = C9ECA34D253BCCDF00EF6D02 /* Build configuration list for PBXProject "ProCrastIOS" */;
			compatibilityVersion = "Xcode 9.3";
			developmentRegion = en;
			hasScannedForEncodings = 0;
			knownRegions = (
				en,
				Base,
			);
			mainGroup = C9ECA349253BCCDF00EF6D02;
			packageReferences = (
				C9ECA39A253BD0C800EF6D02 /* XCRemoteSwiftPackageReference "swift-composable-architecture" */,
				C9FECDC7254CEBD100036F6E /* XCRemoteSwiftPackageReference "ChartView" */,
			);
			productRefGroup = C9ECA353253BCCDF00EF6D02 /* Products */;
			projectDirPath = "";
			projectRoot = "";
			targets = (
				C9ECA351253BCCDF00EF6D02 /* ProCrastIOS */,
				C9ECA362253BCCF300EF6D02 /* ProCrastIOSTests */,
				C9ECA36D253BCCF300EF6D02 /* ProCrastIOSUITests */,
			);
		};
/* End PBXProject section */

/* Begin PBXResourcesBuildPhase section */
		C9ECA350253BCCDF00EF6D02 /* Resources */ = {
			isa = PBXResourcesBuildPhase;
			buildActionMask = 2147483647;
			files = (
				C9ECA35D253BCCF300EF6D02 /* Preview Assets.xcassets in Resources */,
				C9ECA35A253BCCF300EF6D02 /* Assets.xcassets in Resources */,
				C9317A0126E82A1F0004A9AF /* GoogleService-Info.plist in Resources */,
			);
			runOnlyForDeploymentPostprocessing = 0;
		};
		C9ECA361253BCCF300EF6D02 /* Resources */ = {
			isa = PBXResourcesBuildPhase;
			buildActionMask = 2147483647;
			files = (
			);
			runOnlyForDeploymentPostprocessing = 0;
		};
		C9ECA36C253BCCF300EF6D02 /* Resources */ = {
			isa = PBXResourcesBuildPhase;
			buildActionMask = 2147483647;
			files = (
			);
			runOnlyForDeploymentPostprocessing = 0;
		};
/* End PBXResourcesBuildPhase section */

/* Begin PBXShellScriptBuildPhase section */
		2D90AC0CA70E47EA89346B09 /* [CP] Check Pods Manifest.lock */ = {
			isa = PBXShellScriptBuildPhase;
			buildActionMask = 2147483647;
			files = (
			);
			inputFileListPaths = (
			);
			inputPaths = (
				"${PODS_PODFILE_DIR_PATH}/Podfile.lock",
				"${PODS_ROOT}/Manifest.lock",
			);
			name = "[CP] Check Pods Manifest.lock";
			outputFileListPaths = (
			);
			outputPaths = (
				"$(DERIVED_FILE_DIR)/Pods-ProCrastIOSTests-checkManifestLockResult.txt",
			);
			runOnlyForDeploymentPostprocessing = 0;
			shellPath = /bin/sh;
			shellScript = "diff \"${PODS_PODFILE_DIR_PATH}/Podfile.lock\" \"${PODS_ROOT}/Manifest.lock\" > /dev/null\nif [ $? != 0 ] ; then\n    # print error to STDERR\n    echo \"error: The sandbox is not in sync with the Podfile.lock. Run 'pod install' or update your CocoaPods installation.\" >&2\n    exit 1\nfi\n# This output is used by Xcode 'outputs' to avoid re-running this script phase.\necho \"SUCCESS\" > \"${SCRIPT_OUTPUT_FILE_0}\"\n";
			showEnvVarsInLog = 0;
		};
		3787B0E35C646ED3724F4A1F /* [CP] Copy Pods Resources */ = {
			isa = PBXShellScriptBuildPhase;
			buildActionMask = 2147483647;
			files = (
			);
			inputFileListPaths = (
				"${PODS_ROOT}/Target Support Files/Pods-ProCrastIOS-ProCrastIOSUITests/Pods-ProCrastIOS-ProCrastIOSUITests-resources-${CONFIGURATION}-input-files.xcfilelist",
			);
			name = "[CP] Copy Pods Resources";
			outputFileListPaths = (
				"${PODS_ROOT}/Target Support Files/Pods-ProCrastIOS-ProCrastIOSUITests/Pods-ProCrastIOS-ProCrastIOSUITests-resources-${CONFIGURATION}-output-files.xcfilelist",
			);
			runOnlyForDeploymentPostprocessing = 0;
			shellPath = /bin/sh;
			shellScript = "\"${PODS_ROOT}/Target Support Files/Pods-ProCrastIOS-ProCrastIOSUITests/Pods-ProCrastIOS-ProCrastIOSUITests-resources.sh\"\n";
			showEnvVarsInLog = 0;
		};
		3CD4D4DA51B2BF23EF2D3637 /* [CP] Copy Pods Resources */ = {
			isa = PBXShellScriptBuildPhase;
			buildActionMask = 2147483647;
			files = (
			);
			inputFileListPaths = (
				"${PODS_ROOT}/Target Support Files/Pods-ProCrastIOS/Pods-ProCrastIOS-resources-${CONFIGURATION}-input-files.xcfilelist",
			);
			name = "[CP] Copy Pods Resources";
			outputFileListPaths = (
				"${PODS_ROOT}/Target Support Files/Pods-ProCrastIOS/Pods-ProCrastIOS-resources-${CONFIGURATION}-output-files.xcfilelist",
			);
			runOnlyForDeploymentPostprocessing = 0;
			shellPath = /bin/sh;
			shellScript = "\"${PODS_ROOT}/Target Support Files/Pods-ProCrastIOS/Pods-ProCrastIOS-resources.sh\"\n";
			showEnvVarsInLog = 0;
		};
		552A2F95EAF29DBE1736C24C /* [CP] Embed Pods Frameworks */ = {
			isa = PBXShellScriptBuildPhase;
			buildActionMask = 2147483647;
			files = (
			);
			inputFileListPaths = (
				"${PODS_ROOT}/Target Support Files/Pods-ProCrastIOS/Pods-ProCrastIOS-frameworks-${CONFIGURATION}-input-files.xcfilelist",
			);
			name = "[CP] Embed Pods Frameworks";
			outputFileListPaths = (
				"${PODS_ROOT}/Target Support Files/Pods-ProCrastIOS/Pods-ProCrastIOS-frameworks-${CONFIGURATION}-output-files.xcfilelist",
			);
			runOnlyForDeploymentPostprocessing = 0;
			shellPath = /bin/sh;
			shellScript = "\"${PODS_ROOT}/Target Support Files/Pods-ProCrastIOS/Pods-ProCrastIOS-frameworks.sh\"\n";
			showEnvVarsInLog = 0;
		};
		57BEB3C4F7B85B08D775E823 /* [CP] Check Pods Manifest.lock */ = {
			isa = PBXShellScriptBuildPhase;
			buildActionMask = 2147483647;
			files = (
			);
			inputFileListPaths = (
			);
			inputPaths = (
				"${PODS_PODFILE_DIR_PATH}/Podfile.lock",
				"${PODS_ROOT}/Manifest.lock",
			);
			name = "[CP] Check Pods Manifest.lock";
			outputFileListPaths = (
			);
			outputPaths = (
				"$(DERIVED_FILE_DIR)/Pods-ProCrastIOS-checkManifestLockResult.txt",
			);
			runOnlyForDeploymentPostprocessing = 0;
			shellPath = /bin/sh;
			shellScript = "diff \"${PODS_PODFILE_DIR_PATH}/Podfile.lock\" \"${PODS_ROOT}/Manifest.lock\" > /dev/null\nif [ $? != 0 ] ; then\n    # print error to STDERR\n    echo \"error: The sandbox is not in sync with the Podfile.lock. Run 'pod install' or update your CocoaPods installation.\" >&2\n    exit 1\nfi\n# This output is used by Xcode 'outputs' to avoid re-running this script phase.\necho \"SUCCESS\" > \"${SCRIPT_OUTPUT_FILE_0}\"\n";
			showEnvVarsInLog = 0;
		};
		7D8ECE56A335702485897D29 /* [CP] Check Pods Manifest.lock */ = {
			isa = PBXShellScriptBuildPhase;
			buildActionMask = 2147483647;
			files = (
			);
			inputFileListPaths = (
			);
			inputPaths = (
				"${PODS_PODFILE_DIR_PATH}/Podfile.lock",
				"${PODS_ROOT}/Manifest.lock",
			);
			name = "[CP] Check Pods Manifest.lock";
			outputFileListPaths = (
			);
			outputPaths = (
				"$(DERIVED_FILE_DIR)/Pods-ProCrastIOS-ProCrastIOSUITests-checkManifestLockResult.txt",
			);
			runOnlyForDeploymentPostprocessing = 0;
			shellPath = /bin/sh;
			shellScript = "diff \"${PODS_PODFILE_DIR_PATH}/Podfile.lock\" \"${PODS_ROOT}/Manifest.lock\" > /dev/null\nif [ $? != 0 ] ; then\n    # print error to STDERR\n    echo \"error: The sandbox is not in sync with the Podfile.lock. Run 'pod install' or update your CocoaPods installation.\" >&2\n    exit 1\nfi\n# This output is used by Xcode 'outputs' to avoid re-running this script phase.\necho \"SUCCESS\" > \"${SCRIPT_OUTPUT_FILE_0}\"\n";
			showEnvVarsInLog = 0;
		};
		DC4BEC9F92FD9E25FC86E79A /* [CP] Embed Pods Frameworks */ = {
			isa = PBXShellScriptBuildPhase;
			buildActionMask = 2147483647;
			files = (
			);
			inputFileListPaths = (
				"${PODS_ROOT}/Target Support Files/Pods-ProCrastIOS-ProCrastIOSUITests/Pods-ProCrastIOS-ProCrastIOSUITests-frameworks-${CONFIGURATION}-input-files.xcfilelist",
			);
			name = "[CP] Embed Pods Frameworks";
			outputFileListPaths = (
				"${PODS_ROOT}/Target Support Files/Pods-ProCrastIOS-ProCrastIOSUITests/Pods-ProCrastIOS-ProCrastIOSUITests-frameworks-${CONFIGURATION}-output-files.xcfilelist",
			);
			runOnlyForDeploymentPostprocessing = 0;
			shellPath = /bin/sh;
			shellScript = "\"${PODS_ROOT}/Target Support Files/Pods-ProCrastIOS-ProCrastIOSUITests/Pods-ProCrastIOS-ProCrastIOSUITests-frameworks.sh\"\n";
			showEnvVarsInLog = 0;
		};
/* End PBXShellScriptBuildPhase section */

/* Begin PBXSourcesBuildPhase section */
		C9ECA34E253BCCDF00EF6D02 /* Sources */ = {
			isa = PBXSourcesBuildPhase;
			buildActionMask = 2147483647;
			files = (
				C9ECA358253BCCDF00EF6D02 /* ContentView.swift in Sources */,
				C9ECA38E253BCDC300EF6D02 /* ActivityView.swift in Sources */,
				C9ECA391253BCDC300EF6D02 /* ActivityStats.swift in Sources */,
				C9A0E11E2544CA42003F108D /* LoginView.swift in Sources */,
				C9ECA392253BCDC300EF6D02 /* AppModel.swift in Sources */,
				C9ECA396253BCDC300EF6D02 /* ThemedButton.swift in Sources */,
				C9ECA390253BCDC300EF6D02 /* ActivityNav.swift in Sources */,
				C9ECA3BD253BDCCB00EF6D02 /* BarGraph.swift in Sources */,
				C9ECA3AB253BD51300EF6D02 /* Activity.swift in Sources */,
				C9ECA3B0253BD7CA00EF6D02 /* LineGraph.swift in Sources */,
				C9ECA38D253BCDC300EF6D02 /* Simulation.swift in Sources */,
				C9ECA395253BCDC300EF6D02 /* ActivityMenu.swift in Sources */,
				C9ECA394253BCDC300EF6D02 /* Config.swift in Sources */,
				C9ECA356253BCCDF00EF6D02 /* ProCrastIOSApp.swift in Sources */,
				C9FECDED254D019800036F6E /* CardView.swift in Sources */,
				C9ECA38F253BCDC300EF6D02 /* ActivityCard.swift in Sources */,
			);
			runOnlyForDeploymentPostprocessing = 0;
		};
		C9ECA35F253BCCF300EF6D02 /* Sources */ = {
			isa = PBXSourcesBuildPhase;
			buildActionMask = 2147483647;
			files = (
				C9ECA368253BCCF300EF6D02 /* ProCrastIOSTests.swift in Sources */,
			);
			runOnlyForDeploymentPostprocessing = 0;
		};
		C9ECA36A253BCCF300EF6D02 /* Sources */ = {
			isa = PBXSourcesBuildPhase;
			buildActionMask = 2147483647;
			files = (
				C9ECA373253BCCF300EF6D02 /* ProCrastIOSUITests.swift in Sources */,
			);
			runOnlyForDeploymentPostprocessing = 0;
		};
/* End PBXSourcesBuildPhase section */

/* Begin PBXTargetDependency section */
		C9ECA365253BCCF300EF6D02 /* PBXTargetDependency */ = {
			isa = PBXTargetDependency;
			target = C9ECA351253BCCDF00EF6D02 /* ProCrastIOS */;
			targetProxy = C9ECA364253BCCF300EF6D02 /* PBXContainerItemProxy */;
		};
		C9ECA370253BCCF300EF6D02 /* PBXTargetDependency */ = {
			isa = PBXTargetDependency;
			target = C9ECA351253BCCDF00EF6D02 /* ProCrastIOS */;
			targetProxy = C9ECA36F253BCCF300EF6D02 /* PBXContainerItemProxy */;
		};
/* End PBXTargetDependency section */

/* Begin XCBuildConfiguration section */
		C9ECA375253BCCF300EF6D02 /* Debug */ = {
			isa = XCBuildConfiguration;
			buildSettings = {
				ALWAYS_SEARCH_USER_PATHS = NO;
				CLANG_ANALYZER_NONNULL = YES;
				CLANG_ANALYZER_NUMBER_OBJECT_CONVERSION = YES_AGGRESSIVE;
				CLANG_CXX_LANGUAGE_STANDARD = "gnu++14";
				CLANG_CXX_LIBRARY = "libc++";
				CLANG_ENABLE_MODULES = YES;
				CLANG_ENABLE_OBJC_ARC = YES;
				CLANG_ENABLE_OBJC_WEAK = YES;
				CLANG_WARN_BLOCK_CAPTURE_AUTORELEASING = YES;
				CLANG_WARN_BOOL_CONVERSION = YES;
				CLANG_WARN_COMMA = YES;
				CLANG_WARN_CONSTANT_CONVERSION = YES;
				CLANG_WARN_DEPRECATED_OBJC_IMPLEMENTATIONS = YES;
				CLANG_WARN_DIRECT_OBJC_ISA_USAGE = YES_ERROR;
				CLANG_WARN_DOCUMENTATION_COMMENTS = YES;
				CLANG_WARN_EMPTY_BODY = YES;
				CLANG_WARN_ENUM_CONVERSION = YES;
				CLANG_WARN_INFINITE_RECURSION = YES;
				CLANG_WARN_INT_CONVERSION = YES;
				CLANG_WARN_NON_LITERAL_NULL_CONVERSION = YES;
				CLANG_WARN_OBJC_IMPLICIT_RETAIN_SELF = YES;
				CLANG_WARN_OBJC_LITERAL_CONVERSION = YES;
				CLANG_WARN_OBJC_ROOT_CLASS = YES_ERROR;
				CLANG_WARN_QUOTED_INCLUDE_IN_FRAMEWORK_HEADER = YES;
				CLANG_WARN_RANGE_LOOP_ANALYSIS = YES;
				CLANG_WARN_STRICT_PROTOTYPES = YES;
				CLANG_WARN_SUSPICIOUS_MOVE = YES;
				CLANG_WARN_UNGUARDED_AVAILABILITY = YES_AGGRESSIVE;
				CLANG_WARN_UNREACHABLE_CODE = YES;
				CLANG_WARN__DUPLICATE_METHOD_MATCH = YES;
				COPY_PHASE_STRIP = NO;
				DEBUG_INFORMATION_FORMAT = dwarf;
				ENABLE_STRICT_OBJC_MSGSEND = YES;
				ENABLE_TESTABILITY = YES;
				GCC_C_LANGUAGE_STANDARD = gnu11;
				GCC_DYNAMIC_NO_PIC = NO;
				GCC_NO_COMMON_BLOCKS = YES;
				GCC_OPTIMIZATION_LEVEL = 0;
				GCC_PREPROCESSOR_DEFINITIONS = (
					"DEBUG=1",
					"$(inherited)",
				);
				GCC_WARN_64_TO_32_BIT_CONVERSION = YES;
				GCC_WARN_ABOUT_RETURN_TYPE = YES_ERROR;
				GCC_WARN_UNDECLARED_SELECTOR = YES;
				GCC_WARN_UNINITIALIZED_AUTOS = YES_AGGRESSIVE;
				GCC_WARN_UNUSED_FUNCTION = YES;
				GCC_WARN_UNUSED_VARIABLE = YES;
				IPHONEOS_DEPLOYMENT_TARGET = 14.0;
				MTL_ENABLE_DEBUG_INFO = INCLUDE_SOURCE;
				MTL_FAST_MATH = YES;
				ONLY_ACTIVE_ARCH = YES;
				SDKROOT = iphoneos;
				SWIFT_ACTIVE_COMPILATION_CONDITIONS = DEBUG;
				SWIFT_OPTIMIZATION_LEVEL = "-Onone";
			};
			name = Debug;
		};
		C9ECA376253BCCF300EF6D02 /* Release */ = {
			isa = XCBuildConfiguration;
			buildSettings = {
				ALWAYS_SEARCH_USER_PATHS = NO;
				CLANG_ANALYZER_NONNULL = YES;
				CLANG_ANALYZER_NUMBER_OBJECT_CONVERSION = YES_AGGRESSIVE;
				CLANG_CXX_LANGUAGE_STANDARD = "gnu++14";
				CLANG_CXX_LIBRARY = "libc++";
				CLANG_ENABLE_MODULES = YES;
				CLANG_ENABLE_OBJC_ARC = YES;
				CLANG_ENABLE_OBJC_WEAK = YES;
				CLANG_WARN_BLOCK_CAPTURE_AUTORELEASING = YES;
				CLANG_WARN_BOOL_CONVERSION = YES;
				CLANG_WARN_COMMA = YES;
				CLANG_WARN_CONSTANT_CONVERSION = YES;
				CLANG_WARN_DEPRECATED_OBJC_IMPLEMENTATIONS = YES;
				CLANG_WARN_DIRECT_OBJC_ISA_USAGE = YES_ERROR;
				CLANG_WARN_DOCUMENTATION_COMMENTS = YES;
				CLANG_WARN_EMPTY_BODY = YES;
				CLANG_WARN_ENUM_CONVERSION = YES;
				CLANG_WARN_INFINITE_RECURSION = YES;
				CLANG_WARN_INT_CONVERSION = YES;
				CLANG_WARN_NON_LITERAL_NULL_CONVERSION = YES;
				CLANG_WARN_OBJC_IMPLICIT_RETAIN_SELF = YES;
				CLANG_WARN_OBJC_LITERAL_CONVERSION = YES;
				CLANG_WARN_OBJC_ROOT_CLASS = YES_ERROR;
				CLANG_WARN_QUOTED_INCLUDE_IN_FRAMEWORK_HEADER = YES;
				CLANG_WARN_RANGE_LOOP_ANALYSIS = YES;
				CLANG_WARN_STRICT_PROTOTYPES = YES;
				CLANG_WARN_SUSPICIOUS_MOVE = YES;
				CLANG_WARN_UNGUARDED_AVAILABILITY = YES_AGGRESSIVE;
				CLANG_WARN_UNREACHABLE_CODE = YES;
				CLANG_WARN__DUPLICATE_METHOD_MATCH = YES;
				COPY_PHASE_STRIP = NO;
				DEBUG_INFORMATION_FORMAT = "dwarf-with-dsym";
				ENABLE_NS_ASSERTIONS = NO;
				ENABLE_STRICT_OBJC_MSGSEND = YES;
				GCC_C_LANGUAGE_STANDARD = gnu11;
				GCC_NO_COMMON_BLOCKS = YES;
				GCC_WARN_64_TO_32_BIT_CONVERSION = YES;
				GCC_WARN_ABOUT_RETURN_TYPE = YES_ERROR;
				GCC_WARN_UNDECLARED_SELECTOR = YES;
				GCC_WARN_UNINITIALIZED_AUTOS = YES_AGGRESSIVE;
				GCC_WARN_UNUSED_FUNCTION = YES;
				GCC_WARN_UNUSED_VARIABLE = YES;
				IPHONEOS_DEPLOYMENT_TARGET = 14.0;
				MTL_ENABLE_DEBUG_INFO = NO;
				MTL_FAST_MATH = YES;
				SDKROOT = iphoneos;
				SWIFT_COMPILATION_MODE = wholemodule;
				SWIFT_OPTIMIZATION_LEVEL = "-O";
				VALIDATE_PRODUCT = YES;
			};
			name = Release;
		};
		C9ECA378253BCCF300EF6D02 /* Debug */ = {
			isa = XCBuildConfiguration;
			baseConfigurationReference = AD0A66E94495254275898722 /* Pods-ProCrastIOS.debug.xcconfig */;
			buildSettings = {
				ASSETCATALOG_COMPILER_APPICON_NAME = AppIcon;
				ASSETCATALOG_COMPILER_GLOBAL_ACCENT_COLOR_NAME = AccentColor;
				CODE_SIGN_STYLE = Automatic;
				DEVELOPMENT_ASSET_PATHS = "\"ProCrastIOS/Preview Content\"";
				DEVELOPMENT_TEAM = YGQCW3LZRM;
				ENABLE_PREVIEWS = YES;
				INFOPLIST_FILE = ProCrastIOS/Info.plist;
				IPHONEOS_DEPLOYMENT_TARGET = 14.0;
				LD_RUNPATH_SEARCH_PATHS = (
					"$(inherited)",
					"@executable_path/Frameworks",
				);
				PRODUCT_BUNDLE_IDENTIFIER = AnswerKey.ProCrastIOS;
				PRODUCT_NAME = "$(TARGET_NAME)";
				SWIFT_VERSION = 5.0;
				TARGETED_DEVICE_FAMILY = "1,2";
			};
			name = Debug;
		};
		C9ECA379253BCCF300EF6D02 /* Release */ = {
			isa = XCBuildConfiguration;
			baseConfigurationReference = 4465AC12525598A4C5FD06D2 /* Pods-ProCrastIOS.release.xcconfig */;
			buildSettings = {
				ASSETCATALOG_COMPILER_APPICON_NAME = AppIcon;
				ASSETCATALOG_COMPILER_GLOBAL_ACCENT_COLOR_NAME = AccentColor;
				CODE_SIGN_STYLE = Automatic;
				DEVELOPMENT_ASSET_PATHS = "\"ProCrastIOS/Preview Content\"";
				DEVELOPMENT_TEAM = YGQCW3LZRM;
				ENABLE_PREVIEWS = YES;
				INFOPLIST_FILE = ProCrastIOS/Info.plist;
				IPHONEOS_DEPLOYMENT_TARGET = 14.0;
				LD_RUNPATH_SEARCH_PATHS = (
					"$(inherited)",
					"@executable_path/Frameworks",
				);
				PRODUCT_BUNDLE_IDENTIFIER = AnswerKey.ProCrastIOS;
				PRODUCT_NAME = "$(TARGET_NAME)";
				SWIFT_VERSION = 5.0;
				TARGETED_DEVICE_FAMILY = "1,2";
			};
			name = Release;
		};
		C9ECA37B253BCCF300EF6D02 /* Debug */ = {
			isa = XCBuildConfiguration;
			baseConfigurationReference = 27B630719ACBEB84439D10BC /* Pods-ProCrastIOSTests.debug.xcconfig */;
			buildSettings = {
				ALWAYS_EMBED_SWIFT_STANDARD_LIBRARIES = YES;
				BUNDLE_LOADER = "$(TEST_HOST)";
				CODE_SIGN_STYLE = Automatic;
				INFOPLIST_FILE = ProCrastIOSTests/Info.plist;
				IPHONEOS_DEPLOYMENT_TARGET = 14.0;
				LD_RUNPATH_SEARCH_PATHS = (
					"$(inherited)",
					"@executable_path/Frameworks",
					"@loader_path/Frameworks",
				);
				PRODUCT_BUNDLE_IDENTIFIER = AnswerKey.ProCrastIOSTests;
				PRODUCT_NAME = "$(TARGET_NAME)";
				SWIFT_VERSION = 5.0;
				TARGETED_DEVICE_FAMILY = "1,2";
				TEST_HOST = "$(BUILT_PRODUCTS_DIR)/ProCrastIOS.app/ProCrastIOS";
			};
			name = Debug;
		};
		C9ECA37C253BCCF300EF6D02 /* Release */ = {
			isa = XCBuildConfiguration;
			baseConfigurationReference = D39D62ECBBE17F3A2946FFA9 /* Pods-ProCrastIOSTests.release.xcconfig */;
			buildSettings = {
				ALWAYS_EMBED_SWIFT_STANDARD_LIBRARIES = YES;
				BUNDLE_LOADER = "$(TEST_HOST)";
				CODE_SIGN_STYLE = Automatic;
				INFOPLIST_FILE = ProCrastIOSTests/Info.plist;
				IPHONEOS_DEPLOYMENT_TARGET = 14.0;
				LD_RUNPATH_SEARCH_PATHS = (
					"$(inherited)",
					"@executable_path/Frameworks",
					"@loader_path/Frameworks",
				);
				PRODUCT_BUNDLE_IDENTIFIER = AnswerKey.ProCrastIOSTests;
				PRODUCT_NAME = "$(TARGET_NAME)";
				SWIFT_VERSION = 5.0;
				TARGETED_DEVICE_FAMILY = "1,2";
				TEST_HOST = "$(BUILT_PRODUCTS_DIR)/ProCrastIOS.app/ProCrastIOS";
			};
			name = Release;
		};
		C9ECA37E253BCCF300EF6D02 /* Debug */ = {
			isa = XCBuildConfiguration;
			baseConfigurationReference = B8B6C1790D44C524AB68631D /* Pods-ProCrastIOS-ProCrastIOSUITests.debug.xcconfig */;
			buildSettings = {
				ALWAYS_EMBED_SWIFT_STANDARD_LIBRARIES = YES;
				CODE_SIGN_STYLE = Automatic;
				INFOPLIST_FILE = ProCrastIOSUITests/Info.plist;
				LD_RUNPATH_SEARCH_PATHS = (
					"$(inherited)",
					"@executable_path/Frameworks",
					"@loader_path/Frameworks",
				);
				PRODUCT_BUNDLE_IDENTIFIER = AnswerKey.ProCrastIOSUITests;
				PRODUCT_NAME = "$(TARGET_NAME)";
				SWIFT_VERSION = 5.0;
				TARGETED_DEVICE_FAMILY = "1,2";
				TEST_TARGET_NAME = ProCrastIOS;
			};
			name = Debug;
		};
		C9ECA37F253BCCF300EF6D02 /* Release */ = {
			isa = XCBuildConfiguration;
			baseConfigurationReference = 62F5D05AE800401FFD726059 /* Pods-ProCrastIOS-ProCrastIOSUITests.release.xcconfig */;
			buildSettings = {
				ALWAYS_EMBED_SWIFT_STANDARD_LIBRARIES = YES;
				CODE_SIGN_STYLE = Automatic;
				INFOPLIST_FILE = ProCrastIOSUITests/Info.plist;
				LD_RUNPATH_SEARCH_PATHS = (
					"$(inherited)",
					"@executable_path/Frameworks",
					"@loader_path/Frameworks",
				);
				PRODUCT_BUNDLE_IDENTIFIER = AnswerKey.ProCrastIOSUITests;
				PRODUCT_NAME = "$(TARGET_NAME)";
				SWIFT_VERSION = 5.0;
				TARGETED_DEVICE_FAMILY = "1,2";
				TEST_TARGET_NAME = ProCrastIOS;
			};
			name = Release;
		};
/* End XCBuildConfiguration section */

/* Begin XCConfigurationList section */
		C9ECA34D253BCCDF00EF6D02 /* Build configuration list for PBXProject "ProCrastIOS" */ = {
			isa = XCConfigurationList;
			buildConfigurations = (
				C9ECA375253BCCF300EF6D02 /* Debug */,
				C9ECA376253BCCF300EF6D02 /* Release */,
			);
			defaultConfigurationIsVisible = 0;
			defaultConfigurationName = Release;
		};
		C9ECA377253BCCF300EF6D02 /* Build configuration list for PBXNativeTarget "ProCrastIOS" */ = {
			isa = XCConfigurationList;
			buildConfigurations = (
				C9ECA378253BCCF300EF6D02 /* Debug */,
				C9ECA379253BCCF300EF6D02 /* Release */,
			);
			defaultConfigurationIsVisible = 0;
			defaultConfigurationName = Release;
		};
		C9ECA37A253BCCF300EF6D02 /* Build configuration list for PBXNativeTarget "ProCrastIOSTests" */ = {
			isa = XCConfigurationList;
			buildConfigurations = (
				C9ECA37B253BCCF300EF6D02 /* Debug */,
				C9ECA37C253BCCF300EF6D02 /* Release */,
			);
			defaultConfigurationIsVisible = 0;
			defaultConfigurationName = Release;
		};
		C9ECA37D253BCCF300EF6D02 /* Build configuration list for PBXNativeTarget "ProCrastIOSUITests" */ = {
			isa = XCConfigurationList;
			buildConfigurations = (
				C9ECA37E253BCCF300EF6D02 /* Debug */,
				C9ECA37F253BCCF300EF6D02 /* Release */,
			);
			defaultConfigurationIsVisible = 0;
			defaultConfigurationName = Release;
		};
/* End XCConfigurationList section */

/* Begin XCRemoteSwiftPackageReference section */
		C9ECA39A253BD0C800EF6D02 /* XCRemoteSwiftPackageReference "swift-composable-architecture" */ = {
			isa = XCRemoteSwiftPackageReference;
			repositoryURL = "https://github.com/pointfreeco/swift-composable-architecture.git";
			requirement = {
				kind = upToNextMajorVersion;
				minimumVersion = 0.8.0;
			};
		};
		C9FECDC7254CEBD100036F6E /* XCRemoteSwiftPackageReference "ChartView" */ = {
			isa = XCRemoteSwiftPackageReference;
			repositoryURL = "https://github.com/AppPear/ChartView";
			requirement = {
				kind = upToNextMajorVersion;
				minimumVersion = 1.5.4;
			};
		};
/* End XCRemoteSwiftPackageReference section */

/* Begin XCSwiftPackageProductDependency section */
		C9ECA39B253BD0C800EF6D02 /* ComposableArchitecture */ = {
			isa = XCSwiftPackageProductDependency;
			package = C9ECA39A253BD0C800EF6D02 /* XCRemoteSwiftPackageReference "swift-composable-architecture" */;
			productName = ComposableArchitecture;
		};
		C9ECA39D253BD0C800EF6D02 /* ComposableCoreMotion */ = {
			isa = XCSwiftPackageProductDependency;
			package = C9ECA39A253BD0C800EF6D02 /* XCRemoteSwiftPackageReference "swift-composable-architecture" */;
			productName = ComposableCoreMotion;
		};
		C9ECA39F253BD0C800EF6D02 /* ComposableCoreLocation */ = {
			isa = XCSwiftPackageProductDependency;
			package = C9ECA39A253BD0C800EF6D02 /* XCRemoteSwiftPackageReference "swift-composable-architecture" */;
			productName = ComposableCoreLocation;
		};
		C9FECDC8254CEBD100036F6E /* SwiftUICharts */ = {
			isa = XCSwiftPackageProductDependency;
			package = C9FECDC7254CEBD100036F6E /* XCRemoteSwiftPackageReference "ChartView" */;
			productName = SwiftUICharts;
		};
/* End XCSwiftPackageProductDependency section */
	};
	rootObject = C9ECA34A253BCCDF00EF6D02 /* Project object */;
}
